{
  "nodes": {
    "neu-nix": {
      "inputs": {
        "nixpkgs": [
          "nixpkgs"
        ]
      },
      "locked": {
        "lastModified": 1773075593,
        "narHash": "sha256-nGNhSxAILwA8d6XgZ2Yv3X2GvS8qMh6OiRZBOka2TOg=",
        "owner": "ricardomaps",
        "repo": "neu-nix",
        "rev": "4bd082ae3263a512e1b1d191c28433b329eed727",
        "type": "github"
      },
      "original": {
        "owner": "ricardomaps",
        "repo": "neu-nix",
        "type": "github"
      }
    },
    "nixpkgs": {
      "locked": {
        "lastModified": 1772963539,
        "narHash": "sha256-9jVDGZnvCckTGdYT53d/EfznygLskyLQXYwJLKMPsZs=",
        "owner": "NixOS",
        "repo": "nixpkgs",
        "rev": "9dcb002ca1690658be4a04645215baea8b95f31d",
        "type": "github"
      },
      "original": {
        "owner": "NixOS",
        "ref": "nixos-unstable",
        "repo": "nixpkgs",
        "type": "github"
      }
    },
    "root": {
      "inputs": {
        "neu-nix": "neu-nix",
        "nixpkgs": "nixpkgs"
      }
    }
  },
  "root": "root",
  "version": 7
}
